{
  "name": "mevn-cli",
  "version": "1.0.0",
  "lockfileVersion": 1,
  "requires": true,
  "dependencies": {
    "ansi-escapes": {
      "version": "3.1.0",
      "resolved": "https://registry.npmjs.org/ansi-escapes/-/ansi-escapes-3.1.0.tgz",
      "integrity": "sha1-9zIHu4EgfXX9bIPxJa8m7qN4yjA="
    },
    "ansi-regex": {
      "version": "3.0.0",
      "resolved": "https://registry.npmjs.org/ansi-regex/-/ansi-regex-3.0.0.tgz",
      "integrity": "sha1-7QMXwyIGT3lGbAKWa922Bas32Zg="
    },
    "ansi-styles": {
      "version": "3.2.1",
      "resolved": "https://registry.npmjs.org/ansi-styles/-/ansi-styles-3.2.1.tgz",
      "integrity": "sha1-QfuyAkPlCxK+DwS43tvwdSDOhB0=",
      "requires": {
        "color-convert": "^1.9.0"
      }
    },
    "balanced-match": {
      "version": "1.0.0",
      "resolved": "https://registry.npmjs.org/balanced-match/-/balanced-match-1.0.0.tgz",
      "integrity": "sha1-ibTRmasr7kneFk6gK4nORi1xt2c="
    },
    "brace-expansion": {
      "version": "1.1.11",
      "resolved": "https://registry.npmjs.org/brace-expansion/-/brace-expansion-1.1.11.tgz",
      "integrity": "sha1-PH/L9SnYcibz0vUrlm/1Jx60Qd0=",
      "requires": {
        "balanced-match": "^1.0.0",
        "concat-map": "0.0.1"
      }
    },
    "chalk": {
      "version": "2.4.1",
      "resolved": "https://registry.npmjs.org/chalk/-/chalk-2.4.1.tgz",
      "integrity": "sha1-GMSasWoDe26wFSzIPjRxM4IVtm4=",
      "requires": {
        "ansi-styles": "^3.2.1",
        "escape-string-regexp": "^1.0.5",
        "supports-color": "^5.3.0"
      }
    },
    "chardet": {
      "version": "0.5.0",
      "resolved": "https://registry.npmjs.org/chardet/-/chardet-0.5.0.tgz",
      "integrity": "sha512-9ZTaoBaePSCFvNlNGrsyI8ZVACP2svUtq0DkM7t4K2ClAa96sqOIRjAzDTc8zXzFt1cZR46rRzLTiHFSJ+Qw0g=="
    },
    "clear": {
      "version": "0.1.0",
      "resolved": "https://registry.npmjs.org/clear/-/clear-0.1.0.tgz",
      "integrity": "sha1-uBseA0N6cWmE/XrJfIfXO9/nBIo="
    },
    "cli-cursor": {
      "version": "2.1.0",
      "resolved": "https://registry.npmjs.org/cli-cursor/-/cli-cursor-2.1.0.tgz",
      "integrity": "sha1-s12sN2R5+sw+lHR9QdDQ9SOP/LU=",
      "requires": {
        "restore-cursor": "^2.0.0"
      }
    },
    "cli-spinner": {
      "version": "0.2.8",
      "resolved": "https://registry.npmjs.org/cli-spinner/-/cli-spinner-0.2.8.tgz",
      "integrity": "sha1-gWnZ/66HBnZEXm7kOX6Vp6Fb2AU="
    },
    "cli-table": {
      "version": "0.3.1",
      "resolved": "https://registry.npmjs.org/cli-table/-/cli-table-0.3.1.tgz",
      "integrity": "sha1-9TsFJmqLGguTSz0IIebi3FkUriM=",
      "requires": {
        "colors": "1.0.3"
      }
    },
    "cli-width": {
      "version": "2.2.0",
      "resolved": "https://registry.npmjs.org/cli-width/-/cli-width-2.2.0.tgz",
      "integrity": "sha1-/xnt6Kml5XkyQUewwR8PvLq+1jk="
    },
    "color-convert": {
      "version": "1.9.2",
      "resolved": "https://registry.npmjs.org/color-convert/-/color-convert-1.9.2.tgz",
      "integrity": "sha512-3NUJZdhMhcdPn8vJ9v2UQJoH0qqoGUkYTgFEPZaPjEtwmmKUfNV46zZmgB2M5M4DCEQHMaCfWHCxiBflLm04Tg==",
      "requires": {
        "color-name": "1.1.1"
      }
    },
    "color-name": {
      "version": "1.1.1",
      "resolved": "https://registry.npmjs.org/color-name/-/color-name-1.1.1.tgz",
      "integrity": "sha1-SxQVMEz1ACjqgWQ2Q72C6gWANok="
    },
    "colors": {
      "version": "1.0.3",
      "resolved": "https://registry.npmjs.org/colors/-/colors-1.0.3.tgz",
      "integrity": "sha1-BDP0TYCWgP3rYO0mDxsMJi6CpAs="
    },
    "commander": {
      "version": "2.16.0",
      "resolved": "https://registry.npmjs.org/commander/-/commander-2.16.0.tgz",
      "integrity": "sha512-sVXqklSaotK9at437sFlFpyOcJonxe0yST/AG9DkQKUdIE6IqGIMv4SfAQSKaJbSdVEJYItASCrBiVQHq1HQew=="
    },
    "concat-map": {
      "version": "0.0.1",
      "resolved": "https://registry.npmjs.org/concat-map/-/concat-map-0.0.1.tgz",
      "integrity": "sha1-2Klr13/Wjfd5OnMDajug1UBdR3s="
    },
    "elegant-spinner": {
      "version": "1.0.1",
      "resolved": "https://registry.npmjs.org/elegant-spinner/-/elegant-spinner-1.0.1.tgz",
      "integrity": "sha1-2wQ1IcldfjA/2PNFvtwzSc+wcp4="
    },
    "escape-string-regexp": {
      "version": "1.0.5",
      "resolved": "https://registry.npmjs.org/escape-string-regexp/-/escape-string-regexp-1.0.5.tgz",
      "integrity": "sha1-G2HAViGQqN/2rjuyzwIAyhMLhtQ="
    },
    "external-editor": {
      "version": "3.0.0",
      "resolved": "https://registry.npmjs.org/external-editor/-/external-editor-3.0.0.tgz",
      "integrity": "sha512-mpkfj0FEdxrIhOC04zk85X7StNtr0yXnG7zCb+8ikO8OJi2jsHh5YGoknNTyXgsbHOf1WOOcVU3kPFWT2WgCkQ==",
      "requires": {
        "chardet": "^0.5.0",
        "iconv-lite": "^0.4.22",
        "tmp": "^0.0.33"
      }
    },
    "figlet": {
      "version": "1.2.0",
      "resolved": "https://registry.npmjs.org/figlet/-/figlet-1.2.0.tgz",
      "integrity": "sha1-bEZTc3j6tkkUa1phQ92gGbQwtBA="
    },
    "figures": {
      "version": "2.0.0",
      "resolved": "https://registry.npmjs.org/figures/-/figures-2.0.0.tgz",
      "integrity": "sha1-OrGi0qYsi/tDGgyUy3l6L84nyWI=",
      "requires": {
        "escape-string-regexp": "^1.0.5"
      }
    },
    "fs.realpath": {
      "version": "1.0.0",
      "resolved": "https://registry.npmjs.org/fs.realpath/-/fs.realpath-1.0.0.tgz",
      "integrity": "sha1-FQStJSMVjKpA20onh8sBQRmU6k8="
    },
    "glob": {
      "version": "7.1.2",
      "resolved": "https://registry.npmjs.org/glob/-/glob-7.1.2.tgz",
      "integrity": "sha512-MJTUg1kjuLeQCJ+ccE4Vpa6kKVXkPYJ2mOCQyUuKLcLQsdrMCpBPUi8qVE6+YuaJkozeA9NusTAw3hLr8Xe5EQ==",
      "requires": {
        "fs.realpath": "^1.0.0",
        "inflight": "^1.0.4",
        "inherits": "2",
        "minimatch": "^3.0.4",
        "once": "^1.3.0",
        "path-is-absolute": "^1.0.0"
      }
    },
    "has-flag": {
      "version": "3.0.0",
      "resolved": "https://registry.npmjs.org/has-flag/-/has-flag-3.0.0.tgz",
      "integrity": "sha1-tdRU3CGZriJWmfNGfloH87lVuv0="
    },
    "iconv-lite": {
      "version": "0.4.23",
      "resolved": "https://registry.npmjs.org/iconv-lite/-/iconv-lite-0.4.23.tgz",
      "integrity": "sha512-neyTUVFtahjf0mB3dZT77u+8O0QB89jFdnBkd5P1JgYPbPaia3gXXOVL2fq8VyU2gMMD7SaN7QukTB/pmXYvDA==",
      "requires": {
        "safer-buffer": ">= 2.1.2 < 3"
      }
    },
    "inflight": {
      "version": "1.0.6",
      "resolved": "https://registry.npmjs.org/inflight/-/inflight-1.0.6.tgz",
      "integrity": "sha1-Sb1jMdfQLQwJvJEKEHW6gWW1bfk=",
      "requires": {
        "once": "^1.3.0",
        "wrappy": "1"
      }
    },
    "inherits": {
      "version": "2.0.3",
      "resolved": "https://registry.npmjs.org/inherits/-/inherits-2.0.3.tgz",
      "integrity": "sha1-Yzwsg+PaQqUC9SRmAiSA9CCCYd4="
    },
    "inquirer": {
      "version": "6.0.0",
      "resolved": "https://registry.npmjs.org/inquirer/-/inquirer-6.0.0.tgz",
      "integrity": "sha512-tISQWRwtcAgrz+SHPhTH7d3e73k31gsOy6i1csonLc0u1dVK/wYvuOnFeiWqC5OXFIYbmrIFInef31wbT8MEJg==",
      "requires": {
        "ansi-escapes": "^3.0.0",
        "chalk": "^2.0.0",
        "cli-cursor": "^2.1.0",
        "cli-width": "^2.0.0",
        "external-editor": "^3.0.0",
        "figures": "^2.0.0",
        "lodash": "^4.3.0",
        "mute-stream": "0.0.7",
        "run-async": "^2.2.0",
        "rxjs": "^6.1.0",
        "string-width": "^2.1.0",
        "strip-ansi": "^4.0.0",
        "through": "^2.3.6"
      }
    },
    "interpret": {
      "version": "1.1.0",
      "resolved": "https://registry.npmjs.org/interpret/-/interpret-1.1.0.tgz",
      "integrity": "sha1-ftGxQQxqDg94z5XTuEQMY/eLhhQ="
    },
    "is-fullwidth-code-point": {
      "version": "2.0.0",
      "resolved": "https://registry.npmjs.org/is-fullwidth-code-point/-/is-fullwidth-code-point-2.0.0.tgz",
      "integrity": "sha1-o7MKXE8ZkYMWeqq5O+764937ZU8="
    },
    "is-promise": {
      "version": "2.1.0",
      "resolved": "https://registry.npmjs.org/is-promise/-/is-promise-2.1.0.tgz",
      "integrity": "sha1-eaKp7OfwlugPNtKy87wWwf9L8/o="
    },
    "lodash": {
      "version": "4.17.10",
      "resolved": "https://registry.npmjs.org/lodash/-/lodash-4.17.10.tgz",
      "integrity": "sha1-G3eTz3JZ6jj7NmHU04syYK+K5Oc="
    },
    "log-update": {
      "version": "2.3.0",
      "resolved": "https://registry.npmjs.org/log-update/-/log-update-2.3.0.tgz",
      "integrity": "sha1-iDKP19HOeTiykoN0bwsbwSayRwg=",
      "requires": {
        "ansi-escapes": "^3.0.0",
        "cli-cursor": "^2.0.0",
        "wrap-ansi": "^3.0.1"
      }
    },
    "mimic-fn": {
      "version": "1.2.0",
      "resolved": "https://registry.npmjs.org/mimic-fn/-/mimic-fn-1.2.0.tgz",
      "integrity": "sha1-ggyGo5M0ZA6ZUWkovQP8qIBX0CI="
    },
    "minimatch": {
      "version": "3.0.4",
      "resolved": "https://registry.npmjs.org/minimatch/-/minimatch-3.0.4.tgz",
      "integrity": "sha1-UWbihkV/AzBgZL5Ul+jbsMPTIIM=",
      "requires": {
        "brace-expansion": "^1.1.7"
      }
    },
    "mute-stream": {
      "version": "0.0.7",
      "resolved": "https://registry.npmjs.org/mute-stream/-/mute-stream-0.0.7.tgz",
      "integrity": "sha1-MHXOk7whuPq0PhvE2n6BFe0ee6s="
    },
    "node-cmd": {
      "version": "3.0.0",
      "resolved": "https://registry.npmjs.org/node-cmd/-/node-cmd-3.0.0.tgz",
      "integrity": "sha1-OP/3CkqqT2WdID61eGJzcBjiT28="
    },
    "once": {
      "version": "1.4.0",
      "resolved": "https://registry.npmjs.org/once/-/once-1.4.0.tgz",
      "integrity": "sha1-WDsap3WWHUsROsF9nFC6753Xa9E=",
      "requires": {
        "wrappy": "1"
      }
    },
    "onetime": {
      "version": "2.0.1",
      "resolved": "https://registry.npmjs.org/onetime/-/onetime-2.0.1.tgz",
      "integrity": "sha1-BnQoIw/WdEOyeUsiu6UotoZ5YtQ=",
      "requires": {
        "mimic-fn": "^1.0.0"
      }
    },
    "os-tmpdir": {
      "version": "1.0.2",
      "resolved": "https://registry.npmjs.org/os-tmpdir/-/os-tmpdir-1.0.2.tgz",
      "integrity": "sha1-u+Z0BseaqFxc/sdm/lc0VV36EnQ="
    },
    "path-is-absolute": {
      "version": "1.0.1",
      "resolved": "https://registry.npmjs.org/path-is-absolute/-/path-is-absolute-1.0.1.tgz",
      "integrity": "sha1-F0uSaHNVNP+8es5r9TpanhtcX18="
    },
    "path-parse": {
      "version": "1.0.5",
      "resolved": "https://registry.npmjs.org/path-parse/-/path-parse-1.0.5.tgz",
      "integrity": "sha1-PBrfhx6pzWyUMbbqK9dKD/BVxME="
    },
    "rechoir": {
      "version": "0.6.2",
      "resolved": "https://registry.npmjs.org/rechoir/-/rechoir-0.6.2.tgz",
      "integrity": "sha1-hSBLVNuoLVdC4oyWdW70OvUOM4Q=",
      "requires": {
        "resolve": "^1.1.6"
      }
    },
    "resolve": {
      "version": "1.8.1",
      "resolved": "https://registry.npmjs.org/resolve/-/resolve-1.8.1.tgz",
      "integrity": "sha1-gvHsGaQjrB+9CAsLqwa6NuhKeiY=",
      "requires": {
        "path-parse": "^1.0.5"
      }
    },
    "restore-cursor": {
      "version": "2.0.0",
      "resolved": "https://registry.npmjs.org/restore-cursor/-/restore-cursor-2.0.0.tgz",
      "integrity": "sha1-n37ih/gv0ybU/RYpI9YhKe7g368=",
      "requires": {
        "onetime": "^2.0.0",
        "signal-exit": "^3.0.2"
      }
    },
    "run-async": {
      "version": "2.3.0",
      "resolved": "https://registry.npmjs.org/run-async/-/run-async-2.3.0.tgz",
      "integrity": "sha1-A3GrSuC91yDUFm19/aZP96RFpsA=",
      "requires": {
        "is-promise": "^2.1.0"
      }
    },
    "rxjs": {
      "version": "6.2.2",
      "resolved": "https://registry.npmjs.org/rxjs/-/rxjs-6.2.2.tgz",
      "integrity": "sha512-0MI8+mkKAXZUF9vMrEoPnaoHkfzBPP4IGwUYRJhIRJF6/w3uByO1e91bEHn8zd43RdkTMKiooYKmwz7RH6zfOQ==",
      "requires": {
        "tslib": "^1.9.0"
      }
    },
    "safer-buffer": {
      "version": "2.1.2",
      "resolved": "https://registry.npmjs.org/safer-buffer/-/safer-buffer-2.1.2.tgz",
      "integrity": "sha1-RPoWGwGHuVSd2Eu5GAL5vYOFzWo="
    },
    "shelljs": {
      "version": "0.8.2",
      "resolved": "https://registry.npmjs.org/shelljs/-/shelljs-0.8.2.tgz",
      "integrity": "sha1-NFt993Y/TCNA1YSrtTLF91LKnjU=",
      "requires": {
        "glob": "^7.0.0",
        "interpret": "^1.0.0",
        "rechoir": "^0.6.2"
      }
    },
    "signal-exit": {
      "version": "3.0.2",
      "resolved": "https://registry.npmjs.org/signal-exit/-/signal-exit-3.0.2.tgz",
      "integrity": "sha1-tf3AjxKH6hF4Yo5BXiUTK3NkbG0="
    },
    "string-width": {
      "version": "2.1.1",
      "resolved": "https://registry.npmjs.org/string-width/-/string-width-2.1.1.tgz",
      "integrity": "sha1-q5Pyeo3BPSjKyBXEYhQ6bZASrp4=",
      "requires": {
        "is-fullwidth-code-point": "^2.0.0",
        "strip-ansi": "^4.0.0"
      }
    },
    "strip-ansi": {
      "version": "4.0.0",
      "resolved": "https://registry.npmjs.org/strip-ansi/-/strip-ansi-4.0.0.tgz",
      "integrity": "sha1-qEeQIusaw2iocTibY1JixQXuNo8=",
      "requires": {
        "ansi-regex": "^3.0.0"
      }
    },
    "supports-color": {
      "version": "5.4.0",
      "resolved": "https://registry.npmjs.org/supports-color/-/supports-color-5.4.0.tgz",
      "integrity": "sha512-zjaXglF5nnWpsq470jSv6P9DwPvgLkuapYmfDm3JWOm0vkNTVF2tI4UrN2r6jH1qM/uc/WtxYY1hYoA2dOKj5w==",
      "requires": {
        "has-flag": "^3.0.0"
      }
    },
    "through": {
      "version": "2.3.8",
      "resolved": "https://registry.npmjs.org/through/-/through-2.3.8.tgz",
      "integrity": "sha1-DdTJ/6q8NXlgsbckEV1+Doai4fU="
    },
    "tmp": {
      "version": "0.0.33",
      "resolved": "https://registry.npmjs.org/tmp/-/tmp-0.0.33.tgz",
      "integrity": "sha1-bTQzWIl2jSGyvNoKonfO07G/rfk=",
      "requires": {
        "os-tmpdir": "~1.0.2"
      }
    },
    "tslib": {
      "version": "1.9.3",
      "resolved": "https://registry.npmjs.org/tslib/-/tslib-1.9.3.tgz",
      "integrity": "sha1-1+TdeSRdhUKMTX5IIqeZF5VMooY="
    },
    "wrap-ansi": {
      "version": "3.0.1",
      "resolved": "https://registry.npmjs.org/wrap-ansi/-/wrap-ansi-3.0.1.tgz",
      "integrity": "sha1-KIoE2H7aXChuBg3+jxNc6NAH+Lo=",
      "requires": {
        "string-width": "^2.1.1",
        "strip-ansi": "^4.0.0"
      }
    },
    "wrappy": {
      "version": "1.0.2",
      "resolved": "https://registry.npmjs.org/wrappy/-/wrappy-1.0.2.tgz",
      "integrity": "sha1-tSQ9jz7BqjXxNkYFvA0QNuMKtp8="
    }
  }
}
